
Microsoft Visual Studio Solution File, Format Version 12.00
# Visual Studio 2012
Project("{FAE04EC0-301F-11D3-BF4B-00C04F79EFBC}") = "LibSSDP", "LibSSDP\LibSSDP.csproj", "{6547B936-C867-4CDD-87D2-AA8082F9F05E}"
EndProject
Project("{FAE04EC0-301F-11D3-BF4B-00C04F79EFBC}") = "LibTrace", "LibTrace\LibTrace.csproj", "{AAA4347E-A677-438E-97DA-BC8FB2F57822}"
EndProject
Project("{FAE04EC0-301F-11D3-BF4B-00C04F79EFBC}") = "LibSecurity", "LibSecurity\LibSecurity.csproj", "{9EA6083B-8CAE-4921-B916-B9D62168B80B}"
EndProject
Project("{FAE04EC0-301F-11D3-BF4B-00C04F79EFBC}") = "UnitTest", "UnitTest\UnitTest.csproj", "{DF665EA8-CF61-4A02-8A87-D0E7E9237ACA}"
EndProject
Project("{FAE04EC0-301F-11D3-BF4B-00C04F79EFBC}") = "SpeakerReceiver", "SpeakerReceiver\SpeakerReceiver.csproj", "{68D4EDED-A87F-4624-A63F-F575345352D4}"
EndProject
Project("{FAE04EC0-301F-11D3-BF4B-00C04F79EFBC}") = "LibConfig", "LibConfig\LibConfig.csproj", "{37BE8328-6872-494F-9458-D3540D7DC44F}"
EndProject
Project("{FAE04EC0-301F-11D3-BF4B-00C04F79EFBC}") = "LibUtil", "LibUtil\LibUtil.csproj", "{85997238-2A70-41B1-9A58-DCD4CE5606BC}"
EndProject
Project("{FAE04EC0-301F-11D3-BF4B-00C04F79EFBC}") = "SpeakerController", "SpeakerController\SpeakerController.csproj", "{366A8F44-5738-43E2-9996-5DEE79CF2CC6}"
EndProject
Project("{FAE04EC0-301F-11D3-BF4B-00C04F79EFBC}") = "LibAudio", "LibAudio\LibAudio.csproj", "{F4041FC6-CAEB-4476-A06D-CE301258E500}"
EndProject
Project("{FAE04EC0-301F-11D3-BF4B-00C04F79EFBC}") = "LibService", "LibService\LibService.csproj", "{A8D27F1F-33AF-4280-AEEA-8396A1FB0018}"
EndProject
Project("{FAE04EC0-301F-11D3-BF4B-00C04F79EFBC}") = "LibTransport", "LibTransport\LibTransport.csproj", "{372A07ED-0515-4836-BB52-A48B79742CA5}"
EndProject
Project("{FAE04EC0-301F-11D3-BF4B-00C04F79EFBC}") = "LibCommon", "LibCommon\LibCommon.csproj", "{060F4698-3535-4AC7-80FC-3A0FE8E357CB}"
EndProject
Global
	GlobalSection(SolutionConfigurationPlatforms) = preSolution
		Debug|Any CPU = Debug|Any CPU
		Debug|Mixed Platforms = Debug|Mixed Platforms
		Debug|x86 = Debug|x86
		Release|Any CPU = Release|Any CPU
		Release|Mixed Platforms = Release|Mixed Platforms
		Release|x86 = Release|x86
		Test|Any CPU = Test|Any CPU
		Test|Mixed Platforms = Test|Mixed Platforms
		Test|x86 = Test|x86
	EndGlobalSection
	GlobalSection(ProjectConfigurationPlatforms) = postSolution
		{6547B936-C867-4CDD-87D2-AA8082F9F05E}.Debug|Any CPU.ActiveCfg = Debug|x86
		{6547B936-C867-4CDD-87D2-AA8082F9F05E}.Debug|Any CPU.Build.0 = Debug|x86
		{6547B936-C867-4CDD-87D2-AA8082F9F05E}.Debug|Mixed Platforms.ActiveCfg = Debug|x86
		{6547B936-C867-4CDD-87D2-AA8082F9F05E}.Debug|Mixed Platforms.Build.0 = Debug|x86
		{6547B936-C867-4CDD-87D2-AA8082F9F05E}.Debug|x86.ActiveCfg = Debug|x86
		{6547B936-C867-4CDD-87D2-AA8082F9F05E}.Debug|x86.Build.0 = Debug|x86
		{6547B936-C867-4CDD-87D2-AA8082F9F05E}.Release|Any CPU.ActiveCfg = Release|x86
		{6547B936-C867-4CDD-87D2-AA8082F9F05E}.Release|Any CPU.Build.0 = Release|x86
		{6547B936-C867-4CDD-87D2-AA8082F9F05E}.Release|Mixed Platforms.ActiveCfg = Release|x86
		{6547B936-C867-4CDD-87D2-AA8082F9F05E}.Release|Mixed Platforms.Build.0 = Release|x86
		{6547B936-C867-4CDD-87D2-AA8082F9F05E}.Release|x86.ActiveCfg = Release|x86
		{6547B936-C867-4CDD-87D2-AA8082F9F05E}.Release|x86.Build.0 = Release|x86
		{6547B936-C867-4CDD-87D2-AA8082F9F05E}.Test|Any CPU.ActiveCfg = Test|x86
		{6547B936-C867-4CDD-87D2-AA8082F9F05E}.Test|Any CPU.Build.0 = Test|x86
		{6547B936-C867-4CDD-87D2-AA8082F9F05E}.Test|Mixed Platforms.ActiveCfg = Test|x86
		{6547B936-C867-4CDD-87D2-AA8082F9F05E}.Test|Mixed Platforms.Build.0 = Test|x86
		{6547B936-C867-4CDD-87D2-AA8082F9F05E}.Test|x86.ActiveCfg = Test|x86
		{6547B936-C867-4CDD-87D2-AA8082F9F05E}.Test|x86.Build.0 = Test|x86
		{AAA4347E-A677-438E-97DA-BC8FB2F57822}.Debug|Any CPU.ActiveCfg = Debug|x86
		{AAA4347E-A677-438E-97DA-BC8FB2F57822}.Debug|Any CPU.Build.0 = Debug|x86
		{AAA4347E-A677-438E-97DA-BC8FB2F57822}.Debug|Mixed Platforms.ActiveCfg = Debug|x86
		{AAA4347E-A677-438E-97DA-BC8FB2F57822}.Debug|Mixed Platforms.Build.0 = Debug|x86
		{AAA4347E-A677-438E-97DA-BC8FB2F57822}.Debug|x86.ActiveCfg = Debug|x86
		{AAA4347E-A677-438E-97DA-BC8FB2F57822}.Debug|x86.Build.0 = Debug|x86
		{AAA4347E-A677-438E-97DA-BC8FB2F57822}.Release|Any CPU.ActiveCfg = Release|x86
		{AAA4347E-A677-438E-97DA-BC8FB2F57822}.Release|Any CPU.Build.0 = Release|x86
		{AAA4347E-A677-438E-97DA-BC8FB2F57822}.Release|Mixed Platforms.ActiveCfg = Release|x86
		{AAA4347E-A677-438E-97DA-BC8FB2F57822}.Release|Mixed Platforms.Build.0 = Release|x86
		{AAA4347E-A677-438E-97DA-BC8FB2F57822}.Release|x86.ActiveCfg = Release|x86
		{AAA4347E-A677-438E-97DA-BC8FB2F57822}.Release|x86.Build.0 = Release|x86
		{AAA4347E-A677-438E-97DA-BC8FB2F57822}.Test|Any CPU.ActiveCfg = Test|x86
		{AAA4347E-A677-438E-97DA-BC8FB2F57822}.Test|Any CPU.Build.0 = Test|x86
		{AAA4347E-A677-438E-97DA-BC8FB2F57822}.Test|Mixed Platforms.ActiveCfg = Test|x86
		{AAA4347E-A677-438E-97DA-BC8FB2F57822}.Test|Mixed Platforms.Build.0 = Test|x86
		{AAA4347E-A677-438E-97DA-BC8FB2F57822}.Test|x86.ActiveCfg = Test|x86
		{AAA4347E-A677-438E-97DA-BC8FB2F57822}.Test|x86.Build.0 = Test|x86
		{9EA6083B-8CAE-4921-B916-B9D62168B80B}.Debug|Any CPU.ActiveCfg = Debug|x86
		{9EA6083B-8CAE-4921-B916-B9D62168B80B}.Debug|Any CPU.Build.0 = Debug|x86
		{9EA6083B-8CAE-4921-B916-B9D62168B80B}.Debug|Mixed Platforms.ActiveCfg = Debug|x86
		{9EA6083B-8CAE-4921-B916-B9D62168B80B}.Debug|Mixed Platforms.Build.0 = Debug|x86
		{9EA6083B-8CAE-4921-B916-B9D62168B80B}.Debug|x86.ActiveCfg = Debug|x86
		{9EA6083B-8CAE-4921-B916-B9D62168B80B}.Debug|x86.Build.0 = Debug|x86
		{9EA6083B-8CAE-4921-B916-B9D62168B80B}.Release|Any CPU.ActiveCfg = Release|x86
		{9EA6083B-8CAE-4921-B916-B9D62168B80B}.Release|Any CPU.Build.0 = Release|x86
		{9EA6083B-8CAE-4921-B916-B9D62168B80B}.Release|Mixed Platforms.ActiveCfg = Release|x86
		{9EA6083B-8CAE-4921-B916-B9D62168B80B}.Release|Mixed Platforms.Build.0 = Release|x86
		{9EA6083B-8CAE-4921-B916-B9D62168B80B}.Release|x86.ActiveCfg = Release|x86
		{9EA6083B-8CAE-4921-B916-B9D62168B80B}.Release|x86.Build.0 = Release|x86
		{9EA6083B-8CAE-4921-B916-B9D62168B80B}.Test|Any CPU.ActiveCfg = Test|x86
		{9EA6083B-8CAE-4921-B916-B9D62168B80B}.Test|Any CPU.Build.0 = Test|x86
		{9EA6083B-8CAE-4921-B916-B9D62168B80B}.Test|Mixed Platforms.ActiveCfg = Test|x86
		{9EA6083B-8CAE-4921-B916-B9D62168B80B}.Test|Mixed Platforms.Build.0 = Test|x86
		{9EA6083B-8CAE-4921-B916-B9D62168B80B}.Test|x86.ActiveCfg = Test|x86
		{9EA6083B-8CAE-4921-B916-B9D62168B80B}.Test|x86.Build.0 = Test|x86
		{DF665EA8-CF61-4A02-8A87-D0E7E9237ACA}.Debug|Any CPU.ActiveCfg = Debug|x86
		{DF665EA8-CF61-4A02-8A87-D0E7E9237ACA}.Debug|Any CPU.Build.0 = Debug|x86
		{DF665EA8-CF61-4A02-8A87-D0E7E9237ACA}.Debug|Mixed Platforms.ActiveCfg = Debug|x86
		{DF665EA8-CF61-4A02-8A87-D0E7E9237ACA}.Debug|Mixed Platforms.Build.0 = Debug|x86
		{DF665EA8-CF61-4A02-8A87-D0E7E9237ACA}.Debug|x86.ActiveCfg = Debug|x86
		{DF665EA8-CF61-4A02-8A87-D0E7E9237ACA}.Debug|x86.Build.0 = Debug|x86
		{DF665EA8-CF61-4A02-8A87-D0E7E9237ACA}.Release|Any CPU.ActiveCfg = Release|x86
		{DF665EA8-CF61-4A02-8A87-D0E7E9237ACA}.Release|Any CPU.Build.0 = Release|x86
		{DF665EA8-CF61-4A02-8A87-D0E7E9237ACA}.Release|Mixed Platforms.ActiveCfg = Release|x86
		{DF665EA8-CF61-4A02-8A87-D0E7E9237ACA}.Release|Mixed Platforms.Build.0 = Release|x86
		{DF665EA8-CF61-4A02-8A87-D0E7E9237ACA}.Release|x86.ActiveCfg = Release|x86
		{DF665EA8-CF61-4A02-8A87-D0E7E9237ACA}.Release|x86.Build.0 = Release|x86
		{DF665EA8-CF61-4A02-8A87-D0E7E9237ACA}.Test|Any CPU.ActiveCfg = Test|x86
		{DF665EA8-CF61-4A02-8A87-D0E7E9237ACA}.Test|Any CPU.Build.0 = Test|x86
		{DF665EA8-CF61-4A02-8A87-D0E7E9237ACA}.Test|Mixed Platforms.ActiveCfg = Test|x86
		{DF665EA8-CF61-4A02-8A87-D0E7E9237ACA}.Test|Mixed Platforms.Build.0 = Test|x86
		{DF665EA8-CF61-4A02-8A87-D0E7E9237ACA}.Test|x86.ActiveCfg = Test|x86
		{DF665EA8-CF61-4A02-8A87-D0E7E9237ACA}.Test|x86.Build.0 = Test|x86
		{68D4EDED-A87F-4624-A63F-F575345352D4}.Debug|Any CPU.ActiveCfg = Debug|x86
		{68D4EDED-A87F-4624-A63F-F575345352D4}.Debug|Any CPU.Build.0 = Debug|x86
		{68D4EDED-A87F-4624-A63F-F575345352D4}.Debug|Mixed Platforms.ActiveCfg = Debug|x86
		{68D4EDED-A87F-4624-A63F-F575345352D4}.Debug|Mixed Platforms.Build.0 = Debug|x86
		{68D4EDED-A87F-4624-A63F-F575345352D4}.Debug|x86.ActiveCfg = Debug|x86
		{68D4EDED-A87F-4624-A63F-F575345352D4}.Debug|x86.Build.0 = Debug|x86
		{68D4EDED-A87F-4624-A63F-F575345352D4}.Release|Any CPU.ActiveCfg = Release|x86
		{68D4EDED-A87F-4624-A63F-F575345352D4}.Release|Any CPU.Build.0 = Release|x86
		{68D4EDED-A87F-4624-A63F-F575345352D4}.Release|Mixed Platforms.ActiveCfg = Release|x86
		{68D4EDED-A87F-4624-A63F-F575345352D4}.Release|Mixed Platforms.Build.0 = Release|x86
		{68D4EDED-A87F-4624-A63F-F575345352D4}.Release|x86.ActiveCfg = Release|x86
		{68D4EDED-A87F-4624-A63F-F575345352D4}.Release|x86.Build.0 = Release|x86
		{68D4EDED-A87F-4624-A63F-F575345352D4}.Test|Any CPU.ActiveCfg = Test|x86
		{68D4EDED-A87F-4624-A63F-F575345352D4}.Test|Any CPU.Build.0 = Test|x86
		{68D4EDED-A87F-4624-A63F-F575345352D4}.Test|Mixed Platforms.ActiveCfg = Test|x86
		{68D4EDED-A87F-4624-A63F-F575345352D4}.Test|Mixed Platforms.Build.0 = Test|x86
		{68D4EDED-A87F-4624-A63F-F575345352D4}.Test|x86.ActiveCfg = Test|x86
		{68D4EDED-A87F-4624-A63F-F575345352D4}.Test|x86.Build.0 = Test|x86
		{37BE8328-6872-494F-9458-D3540D7DC44F}.Debug|Any CPU.ActiveCfg = Debug|x86
		{37BE8328-6872-494F-9458-D3540D7DC44F}.Debug|Any CPU.Build.0 = Debug|x86
		{37BE8328-6872-494F-9458-D3540D7DC44F}.Debug|Mixed Platforms.ActiveCfg = Debug|x86
		{37BE8328-6872-494F-9458-D3540D7DC44F}.Debug|Mixed Platforms.Build.0 = Debug|x86
		{37BE8328-6872-494F-9458-D3540D7DC44F}.Debug|x86.ActiveCfg = Debug|x86
		{37BE8328-6872-494F-9458-D3540D7DC44F}.Debug|x86.Build.0 = Debug|x86
		{37BE8328-6872-494F-9458-D3540D7DC44F}.Release|Any CPU.ActiveCfg = Release|x86
		{37BE8328-6872-494F-9458-D3540D7DC44F}.Release|Any CPU.Build.0 = Release|x86
		{37BE8328-6872-494F-9458-D3540D7DC44F}.Release|Mixed Platforms.ActiveCfg = Release|x86
		{37BE8328-6872-494F-9458-D3540D7DC44F}.Release|Mixed Platforms.Build.0 = Release|x86
		{37BE8328-6872-494F-9458-D3540D7DC44F}.Release|x86.ActiveCfg = Release|x86
		{37BE8328-6872-494F-9458-D3540D7DC44F}.Release|x86.Build.0 = Release|x86
		{37BE8328-6872-494F-9458-D3540D7DC44F}.Test|Any CPU.ActiveCfg = Test|x86
		{37BE8328-6872-494F-9458-D3540D7DC44F}.Test|Any CPU.Build.0 = Test|x86
		{37BE8328-6872-494F-9458-D3540D7DC44F}.Test|Mixed Platforms.ActiveCfg = Test|x86
		{37BE8328-6872-494F-9458-D3540D7DC44F}.Test|Mixed Platforms.Build.0 = Test|x86
		{37BE8328-6872-494F-9458-D3540D7DC44F}.Test|x86.ActiveCfg = Test|x86
		{37BE8328-6872-494F-9458-D3540D7DC44F}.Test|x86.Build.0 = Test|x86
		{85997238-2A70-41B1-9A58-DCD4CE5606BC}.Debug|Any CPU.ActiveCfg = Debug|x86
		{85997238-2A70-41B1-9A58-DCD4CE5606BC}.Debug|Any CPU.Build.0 = Debug|x86
		{85997238-2A70-41B1-9A58-DCD4CE5606BC}.Debug|Mixed Platforms.ActiveCfg = Debug|x86
		{85997238-2A70-41B1-9A58-DCD4CE5606BC}.Debug|Mixed Platforms.Build.0 = Debug|x86
		{85997238-2A70-41B1-9A58-DCD4CE5606BC}.Debug|x86.ActiveCfg = Debug|x86
		{85997238-2A70-41B1-9A58-DCD4CE5606BC}.Debug|x86.Build.0 = Debug|x86
		{85997238-2A70-41B1-9A58-DCD4CE5606BC}.Release|Any CPU.ActiveCfg = Release|x86
		{85997238-2A70-41B1-9A58-DCD4CE5606BC}.Release|Any CPU.Build.0 = Release|x86
		{85997238-2A70-41B1-9A58-DCD4CE5606BC}.Release|Mixed Platforms.ActiveCfg = Release|x86
		{85997238-2A70-41B1-9A58-DCD4CE5606BC}.Release|Mixed Platforms.Build.0 = Release|x86
		{85997238-2A70-41B1-9A58-DCD4CE5606BC}.Release|x86.ActiveCfg = Release|x86
		{85997238-2A70-41B1-9A58-DCD4CE5606BC}.Release|x86.Build.0 = Release|x86
		{85997238-2A70-41B1-9A58-DCD4CE5606BC}.Test|Any CPU.ActiveCfg = Test|x86
		{85997238-2A70-41B1-9A58-DCD4CE5606BC}.Test|Any CPU.Build.0 = Test|x86
		{85997238-2A70-41B1-9A58-DCD4CE5606BC}.Test|Mixed Platforms.ActiveCfg = Test|x86
		{85997238-2A70-41B1-9A58-DCD4CE5606BC}.Test|Mixed Platforms.Build.0 = Test|x86
		{85997238-2A70-41B1-9A58-DCD4CE5606BC}.Test|x86.ActiveCfg = Test|x86
		{85997238-2A70-41B1-9A58-DCD4CE5606BC}.Test|x86.Build.0 = Test|x86
		{366A8F44-5738-43E2-9996-5DEE79CF2CC6}.Debug|Any CPU.ActiveCfg = Debug|x86
		{366A8F44-5738-43E2-9996-5DEE79CF2CC6}.Debug|Any CPU.Build.0 = Debug|x86
		{366A8F44-5738-43E2-9996-5DEE79CF2CC6}.Debug|Mixed Platforms.ActiveCfg = Debug|x86
		{366A8F44-5738-43E2-9996-5DEE79CF2CC6}.Debug|Mixed Platforms.Build.0 = Debug|x86
		{366A8F44-5738-43E2-9996-5DEE79CF2CC6}.Debug|x86.ActiveCfg = Debug|x86
		{366A8F44-5738-43E2-9996-5DEE79CF2CC6}.Debug|x86.Build.0 = Debug|x86
		{366A8F44-5738-43E2-9996-5DEE79CF2CC6}.Release|Any CPU.ActiveCfg = Release|x86
		{366A8F44-5738-43E2-9996-5DEE79CF2CC6}.Release|Any CPU.Build.0 = Release|x86
		{366A8F44-5738-43E2-9996-5DEE79CF2CC6}.Release|Mixed Platforms.ActiveCfg = Release|x86
		{366A8F44-5738-43E2-9996-5DEE79CF2CC6}.Release|Mixed Platforms.Build.0 = Release|x86
		{366A8F44-5738-43E2-9996-5DEE79CF2CC6}.Release|x86.ActiveCfg = Release|x86
		{366A8F44-5738-43E2-9996-5DEE79CF2CC6}.Release|x86.Build.0 = Release|x86
		{366A8F44-5738-43E2-9996-5DEE79CF2CC6}.Test|Any CPU.ActiveCfg = Test|x86
		{366A8F44-5738-43E2-9996-5DEE79CF2CC6}.Test|Any CPU.Build.0 = Test|x86
		{366A8F44-5738-43E2-9996-5DEE79CF2CC6}.Test|Mixed Platforms.ActiveCfg = Test|x86
		{366A8F44-5738-43E2-9996-5DEE79CF2CC6}.Test|Mixed Platforms.Build.0 = Test|x86
		{366A8F44-5738-43E2-9996-5DEE79CF2CC6}.Test|x86.ActiveCfg = Test|x86
		{366A8F44-5738-43E2-9996-5DEE79CF2CC6}.Test|x86.Build.0 = Test|x86
		{F4041FC6-CAEB-4476-A06D-CE301258E500}.Debug|Any CPU.ActiveCfg = Debug|x86
		{F4041FC6-CAEB-4476-A06D-CE301258E500}.Debug|Any CPU.Build.0 = Debug|x86
		{F4041FC6-CAEB-4476-A06D-CE301258E500}.Debug|Mixed Platforms.ActiveCfg = Debug|x86
		{F4041FC6-CAEB-4476-A06D-CE301258E500}.Debug|Mixed Platforms.Build.0 = Debug|x86
		{F4041FC6-CAEB-4476-A06D-CE301258E500}.Debug|x86.ActiveCfg = Debug|x86
		{F4041FC6-CAEB-4476-A06D-CE301258E500}.Debug|x86.Build.0 = Debug|x86
		{F4041FC6-CAEB-4476-A06D-CE301258E500}.Release|Any CPU.ActiveCfg = Release|x86
		{F4041FC6-CAEB-4476-A06D-CE301258E500}.Release|Any CPU.Build.0 = Release|x86
		{F4041FC6-CAEB-4476-A06D-CE301258E500}.Release|Mixed Platforms.ActiveCfg = Release|x86
		{F4041FC6-CAEB-4476-A06D-CE301258E500}.Release|Mixed Platforms.Build.0 = Release|x86
		{F4041FC6-CAEB-4476-A06D-CE301258E500}.Release|x86.ActiveCfg = Release|x86
		{F4041FC6-CAEB-4476-A06D-CE301258E500}.Release|x86.Build.0 = Release|x86
		{F4041FC6-CAEB-4476-A06D-CE301258E500}.Test|Any CPU.ActiveCfg = Test|x86
		{F4041FC6-CAEB-4476-A06D-CE301258E500}.Test|Any CPU.Build.0 = Test|x86
		{F4041FC6-CAEB-4476-A06D-CE301258E500}.Test|Mixed Platforms.ActiveCfg = Test|x86
		{F4041FC6-CAEB-4476-A06D-CE301258E500}.Test|Mixed Platforms.Build.0 = Test|x86
		{F4041FC6-CAEB-4476-A06D-CE301258E500}.Test|x86.ActiveCfg = Test|x86
		{F4041FC6-CAEB-4476-A06D-CE301258E500}.Test|x86.Build.0 = Test|x86
		{A8D27F1F-33AF-4280-AEEA-8396A1FB0018}.Debug|Any CPU.ActiveCfg = Debug|x86
		{A8D27F1F-33AF-4280-AEEA-8396A1FB0018}.Debug|Any CPU.Build.0 = Debug|x86
		{A8D27F1F-33AF-4280-AEEA-8396A1FB0018}.Debug|Mixed Platforms.ActiveCfg = Debug|x86
		{A8D27F1F-33AF-4280-AEEA-8396A1FB0018}.Debug|Mixed Platforms.Build.0 = Debug|x86
		{A8D27F1F-33AF-4280-AEEA-8396A1FB0018}.Debug|x86.ActiveCfg = Debug|x86
		{A8D27F1F-33AF-4280-AEEA-8396A1FB0018}.Debug|x86.Build.0 = Debug|x86
		{A8D27F1F-33AF-4280-AEEA-8396A1FB0018}.Release|Any CPU.ActiveCfg = Release|x86
		{A8D27F1F-33AF-4280-AEEA-8396A1FB0018}.Release|Any CPU.Build.0 = Release|x86
		{A8D27F1F-33AF-4280-AEEA-8396A1FB0018}.Release|Mixed Platforms.ActiveCfg = Release|x86
		{A8D27F1F-33AF-4280-AEEA-8396A1FB0018}.Release|Mixed Platforms.Build.0 = Release|x86
		{A8D27F1F-33AF-4280-AEEA-8396A1FB0018}.Release|x86.ActiveCfg = Release|x86
		{A8D27F1F-33AF-4280-AEEA-8396A1FB0018}.Release|x86.Build.0 = Release|x86
		{A8D27F1F-33AF-4280-AEEA-8396A1FB0018}.Test|Any CPU.ActiveCfg = Test|x86
		{A8D27F1F-33AF-4280-AEEA-8396A1FB0018}.Test|Any CPU.Build.0 = Test|x86
		{A8D27F1F-33AF-4280-AEEA-8396A1FB0018}.Test|Mixed Platforms.ActiveCfg = Test|x86
		{A8D27F1F-33AF-4280-AEEA-8396A1FB0018}.Test|Mixed Platforms.Build.0 = Test|x86
		{A8D27F1F-33AF-4280-AEEA-8396A1FB0018}.Test|x86.ActiveCfg = Test|x86
		{A8D27F1F-33AF-4280-AEEA-8396A1FB0018}.Test|x86.Build.0 = Test|x86
		{372A07ED-0515-4836-BB52-A48B79742CA5}.Debug|Any CPU.ActiveCfg = Debug|x86
		{372A07ED-0515-4836-BB52-A48B79742CA5}.Debug|Any CPU.Build.0 = Debug|x86
		{372A07ED-0515-4836-BB52-A48B79742CA5}.Debug|Mixed Platforms.ActiveCfg = Debug|x86
		{372A07ED-0515-4836-BB52-A48B79742CA5}.Debug|Mixed Platforms.Build.0 = Debug|x86
		{372A07ED-0515-4836-BB52-A48B79742CA5}.Debug|x86.ActiveCfg = Debug|x86
		{372A07ED-0515-4836-BB52-A48B79742CA5}.Debug|x86.Build.0 = Debug|x86
		{372A07ED-0515-4836-BB52-A48B79742CA5}.Release|Any CPU.ActiveCfg = Release|x86
		{372A07ED-0515-4836-BB52-A48B79742CA5}.Release|Any CPU.Build.0 = Release|x86
		{372A07ED-0515-4836-BB52-A48B79742CA5}.Release|Mixed Platforms.ActiveCfg = Release|x86
		{372A07ED-0515-4836-BB52-A48B79742CA5}.Release|Mixed Platforms.Build.0 = Release|x86
		{372A07ED-0515-4836-BB52-A48B79742CA5}.Release|x86.ActiveCfg = Release|x86
		{372A07ED-0515-4836-BB52-A48B79742CA5}.Release|x86.Build.0 = Release|x86
		{372A07ED-0515-4836-BB52-A48B79742CA5}.Test|Any CPU.ActiveCfg = Test|x86
		{372A07ED-0515-4836-BB52-A48B79742CA5}.Test|Any CPU.Build.0 = Test|x86
		{372A07ED-0515-4836-BB52-A48B79742CA5}.Test|Mixed Platforms.ActiveCfg = Test|x86
		{372A07ED-0515-4836-BB52-A48B79742CA5}.Test|Mixed Platforms.Build.0 = Test|x86
		{372A07ED-0515-4836-BB52-A48B79742CA5}.Test|x86.ActiveCfg = Test|x86
		{372A07ED-0515-4836-BB52-A48B79742CA5}.Test|x86.Build.0 = Test|x86
		{060F4698-3535-4AC7-80FC-3A0FE8E357CB}.Debug|Any CPU.ActiveCfg = Debug|x86
		{060F4698-3535-4AC7-80FC-3A0FE8E357CB}.Debug|Any CPU.Build.0 = Debug|x86
		{060F4698-3535-4AC7-80FC-3A0FE8E357CB}.Debug|Mixed Platforms.ActiveCfg = Debug|x86
		{060F4698-3535-4AC7-80FC-3A0FE8E357CB}.Debug|Mixed Platforms.Build.0 = Debug|x86
		{060F4698-3535-4AC7-80FC-3A0FE8E357CB}.Debug|x86.ActiveCfg = Debug|x86
		{060F4698-3535-4AC7-80FC-3A0FE8E357CB}.Debug|x86.Build.0 = Debug|x86
		{060F4698-3535-4AC7-80FC-3A0FE8E357CB}.Release|Any CPU.ActiveCfg = Release|x86
		{060F4698-3535-4AC7-80FC-3A0FE8E357CB}.Release|Any CPU.Build.0 = Release|x86
		{060F4698-3535-4AC7-80FC-3A0FE8E357CB}.Release|Mixed Platforms.ActiveCfg = Release|x86
		{060F4698-3535-4AC7-80FC-3A0FE8E357CB}.Release|Mixed Platforms.Build.0 = Release|x86
		{060F4698-3535-4AC7-80FC-3A0FE8E357CB}.Release|x86.ActiveCfg = Release|x86
		{060F4698-3535-4AC7-80FC-3A0FE8E357CB}.Release|x86.Build.0 = Release|x86
		{060F4698-3535-4AC7-80FC-3A0FE8E357CB}.Test|Any CPU.ActiveCfg = Test|x86
		{060F4698-3535-4AC7-80FC-3A0FE8E357CB}.Test|Any CPU.Build.0 = Test|x86
		{060F4698-3535-4AC7-80FC-3A0FE8E357CB}.Test|Mixed Platforms.ActiveCfg = Test|x86
		{060F4698-3535-4AC7-80FC-3A0FE8E357CB}.Test|Mixed Platforms.Build.0 = Test|x86
		{060F4698-3535-4AC7-80FC-3A0FE8E357CB}.Test|x86.ActiveCfg = Test|x86
		{060F4698-3535-4AC7-80FC-3A0FE8E357CB}.Test|x86.Build.0 = Test|x86
	EndGlobalSection
	GlobalSection(SolutionProperties) = preSolution
		HideSolutionNode = FALSE
	EndGlobalSection
EndGlobal
