
Microsoft Visual Studio Solution File, Format Version 12.00
# Visual Studio 2012
Project("{FAE04EC0-301F-11D3-BF4B-00C04F79EFBC}") = "LibSSDP", "LibSSDP\LibSSDP.csproj", "{6547B936-C867-4CDD-87D2-AA8082F9F05E}"
EndProject
Project("{FAE04EC0-301F-11D3-BF4B-00C04F79EFBC}") = "SSDPTester", "SSDPTester\SSDPTester.csproj", "{83A2ED3B-E3D6-4439-A0D3-6684B28E789A}"
EndProject
Project("{FAE04EC0-301F-11D3-BF4B-00C04F79EFBC}") = "LibTrace", "LibTrace\LibTrace.csproj", "{AAA4347E-A677-438E-97DA-BC8FB2F57822}"
EndProject
Project("{FAE04EC0-301F-11D3-BF4B-00C04F79EFBC}") = "LibSecurity", "LibSecurity\LibSecurity.csproj", "{9EA6083B-8CAE-4921-B916-B9D62168B80B}"
EndProject
Project("{FAE04EC0-301F-11D3-BF4B-00C04F79EFBC}") = "UnitTest", "UnitTest\UnitTest.csproj", "{DF665EA8-CF61-4A02-8A87-D0E7E9237ACA}"
EndProject
Project("{FAE04EC0-301F-11D3-BF4B-00C04F79EFBC}") = "SpeakerReceiver", "SpeakerReceiver\SpeakerReceiver.csproj", "{68D4EDED-A87F-4624-A63F-F575345352D4}"
EndProject
Project("{FAE04EC0-301F-11D3-BF4B-00C04F79EFBC}") = "LibConfig", "LibConfig\LibConfig.csproj", "{37BE8328-6872-494F-9458-D3540D7DC44F}"
EndProject
Project("{FAE04EC0-301F-11D3-BF4B-00C04F79EFBC}") = "LibUtil", "LibUtil\LibUtil.csproj", "{85997238-2A70-41B1-9A58-DCD4CE5606BC}"
EndProject
Global
	GlobalSection(SolutionConfigurationPlatforms) = preSolution
		Debug|Any CPU = Debug|Any CPU
		Release|Any CPU = Release|Any CPU
	EndGlobalSection
	GlobalSection(ProjectConfigurationPlatforms) = postSolution
		{6547B936-C867-4CDD-87D2-AA8082F9F05E}.Debug|Any CPU.ActiveCfg = Debug|Any CPU
		{6547B936-C867-4CDD-87D2-AA8082F9F05E}.Debug|Any CPU.Build.0 = Debug|Any CPU
		{6547B936-C867-4CDD-87D2-AA8082F9F05E}.Release|Any CPU.ActiveCfg = Release|Any CPU
		{6547B936-C867-4CDD-87D2-AA8082F9F05E}.Release|Any CPU.Build.0 = Release|Any CPU
		{83A2ED3B-E3D6-4439-A0D3-6684B28E789A}.Debug|Any CPU.ActiveCfg = Debug|Any CPU
		{83A2ED3B-E3D6-4439-A0D3-6684B28E789A}.Debug|Any CPU.Build.0 = Debug|Any CPU
		{83A2ED3B-E3D6-4439-A0D3-6684B28E789A}.Release|Any CPU.ActiveCfg = Release|Any CPU
		{83A2ED3B-E3D6-4439-A0D3-6684B28E789A}.Release|Any CPU.Build.0 = Release|Any CPU
		{AAA4347E-A677-438E-97DA-BC8FB2F57822}.Debug|Any CPU.ActiveCfg = Debug|Any CPU
		{AAA4347E-A677-438E-97DA-BC8FB2F57822}.Debug|Any CPU.Build.0 = Debug|Any CPU
		{AAA4347E-A677-438E-97DA-BC8FB2F57822}.Release|Any CPU.ActiveCfg = Release|Any CPU
		{AAA4347E-A677-438E-97DA-BC8FB2F57822}.Release|Any CPU.Build.0 = Release|Any CPU
		{9EA6083B-8CAE-4921-B916-B9D62168B80B}.Debug|Any CPU.ActiveCfg = Debug|Any CPU
		{9EA6083B-8CAE-4921-B916-B9D62168B80B}.Debug|Any CPU.Build.0 = Debug|Any CPU
		{9EA6083B-8CAE-4921-B916-B9D62168B80B}.Release|Any CPU.ActiveCfg = Release|Any CPU
		{9EA6083B-8CAE-4921-B916-B9D62168B80B}.Release|Any CPU.Build.0 = Release|Any CPU
		{DF665EA8-CF61-4A02-8A87-D0E7E9237ACA}.Debug|Any CPU.ActiveCfg = Debug|Any CPU
		{DF665EA8-CF61-4A02-8A87-D0E7E9237ACA}.Debug|Any CPU.Build.0 = Debug|Any CPU
		{DF665EA8-CF61-4A02-8A87-D0E7E9237ACA}.Release|Any CPU.ActiveCfg = Release|Any CPU
		{DF665EA8-CF61-4A02-8A87-D0E7E9237ACA}.Release|Any CPU.Build.0 = Release|Any CPU
		{68D4EDED-A87F-4624-A63F-F575345352D4}.Debug|Any CPU.ActiveCfg = Debug|Any CPU
		{68D4EDED-A87F-4624-A63F-F575345352D4}.Debug|Any CPU.Build.0 = Debug|Any CPU
		{68D4EDED-A87F-4624-A63F-F575345352D4}.Release|Any CPU.ActiveCfg = Release|Any CPU
		{68D4EDED-A87F-4624-A63F-F575345352D4}.Release|Any CPU.Build.0 = Release|Any CPU
		{37BE8328-6872-494F-9458-D3540D7DC44F}.Debug|Any CPU.ActiveCfg = Debug|Any CPU
		{37BE8328-6872-494F-9458-D3540D7DC44F}.Debug|Any CPU.Build.0 = Debug|Any CPU
		{37BE8328-6872-494F-9458-D3540D7DC44F}.Release|Any CPU.ActiveCfg = Release|Any CPU
		{37BE8328-6872-494F-9458-D3540D7DC44F}.Release|Any CPU.Build.0 = Release|Any CPU
		{85997238-2A70-41B1-9A58-DCD4CE5606BC}.Debug|Any CPU.ActiveCfg = Debug|Any CPU
		{85997238-2A70-41B1-9A58-DCD4CE5606BC}.Debug|Any CPU.Build.0 = Debug|Any CPU
		{85997238-2A70-41B1-9A58-DCD4CE5606BC}.Release|Any CPU.ActiveCfg = Release|Any CPU
		{85997238-2A70-41B1-9A58-DCD4CE5606BC}.Release|Any CPU.Build.0 = Release|Any CPU
	EndGlobalSection
	GlobalSection(SolutionProperties) = preSolution
		HideSolutionNode = FALSE
	EndGlobalSection
EndGlobal
